
Microsoft Visual Studio Solution File, Format Version 12.00
# Visual Studio Version 17
VisualStudioVersion = 17.7.34024.191
MinimumVisualStudioVersion = 10.0.40219.1
Project("{FAE04EC0-301F-11D3-BF4B-00C04F79EFBC}") = "DemoMicroservice", "DemoMicroservice\DemoMicroservice.csproj", "{DA2FF4A4-19D9-4327-BA42-15C03DDC6379}"
EndProject
Global
	GlobalSection(SolutionConfigurationPlatforms) = preSolution
		Debug|Any CPU = Debug|Any CPU
		Release|Any CPU = Release|Any CPU
	EndGlobalSection
	GlobalSection(ProjectConfigurationPlatforms) = postSolution
		{DA2FF4A4-19D9-4327-BA42-15C03DDC6379}.Debug|Any CPU.ActiveCfg = Debug|Any CPU
		{DA2FF4A4-19D9-4327-BA42-15C03DDC6379}.Debug|Any CPU.Build.0 = Debug|Any CPU
		{DA2FF4A4-19D9-4327-BA42-15C03DDC6379}.Release|Any CPU.ActiveCfg = Release|Any CPU
		{DA2FF4A4-19D9-4327-BA42-15C03DDC6379}.Release|Any CPU.Build.0 = Release|Any CPU
	EndGlobalSection
	GlobalSection(SolutionProperties) = preSolution
		HideSolutionNode = FALSE
	EndGlobalSection
	GlobalSection(ExtensibilityGlobals) = postSolution
		SolutionGuid = {5462CF29-FD04-484B-A240-C18898C25380}
	EndGlobalSection
EndGlobal
