
Microsoft Visual Studio Solution File, Format Version 12.00
# Visual Studio Version 17
VisualStudioVersion = 17.7.34024.191
MinimumVisualStudioVersion = 10.0.40219.1
Project("{9A19103F-16F7-4668-BE54-9A1E7A4F7556}") = "Catalogo.API", "Catalogo.API\Catalogo.API.csproj", "{6782B2F3-A018-4B17-912B-21C8BE22DD30}"
EndProject
Project("{E53339B2-1760-4266-BCC7-CA923CBCF16C}") = "docker-compose", "docker-compose.dcproj", "{D2370266-0AC8-4A5F-987B-3C98BE53DEEA}"
EndProject
Project("{9A19103F-16F7-4668-BE54-9A1E7A4F7556}") = "Basket.API", "Basket.API\Basket.API.csproj", "{51539761-2ACF-48A3-BBE5-28C8EF77A4D1}"
EndProject
Project("{FAE04EC0-301F-11D3-BF4B-00C04F79EFBC}") = "Discount.API", "Discount.API\Discount.API.csproj", "{2BAF81BB-D95B-4053-A29C-9673DF0404BE}"
EndProject
Global
	GlobalSection(SolutionConfigurationPlatforms) = preSolution
		Debug|Any CPU = Debug|Any CPU
		Release|Any CPU = Release|Any CPU
	EndGlobalSection
	GlobalSection(ProjectConfigurationPlatforms) = postSolution
		{6782B2F3-A018-4B17-912B-21C8BE22DD30}.Debug|Any CPU.ActiveCfg = Debug|Any CPU
		{6782B2F3-A018-4B17-912B-21C8BE22DD30}.Debug|Any CPU.Build.0 = Debug|Any CPU
		{6782B2F3-A018-4B17-912B-21C8BE22DD30}.Release|Any CPU.ActiveCfg = Release|Any CPU
		{6782B2F3-A018-4B17-912B-21C8BE22DD30}.Release|Any CPU.Build.0 = Release|Any CPU
		{D2370266-0AC8-4A5F-987B-3C98BE53DEEA}.Debug|Any CPU.ActiveCfg = Debug|Any CPU
		{D2370266-0AC8-4A5F-987B-3C98BE53DEEA}.Debug|Any CPU.Build.0 = Debug|Any CPU
		{D2370266-0AC8-4A5F-987B-3C98BE53DEEA}.Release|Any CPU.ActiveCfg = Release|Any CPU
		{D2370266-0AC8-4A5F-987B-3C98BE53DEEA}.Release|Any CPU.Build.0 = Release|Any CPU
		{51539761-2ACF-48A3-BBE5-28C8EF77A4D1}.Debug|Any CPU.ActiveCfg = Debug|Any CPU
		{51539761-2ACF-48A3-BBE5-28C8EF77A4D1}.Debug|Any CPU.Build.0 = Debug|Any CPU
		{51539761-2ACF-48A3-BBE5-28C8EF77A4D1}.Release|Any CPU.ActiveCfg = Release|Any CPU
		{51539761-2ACF-48A3-BBE5-28C8EF77A4D1}.Release|Any CPU.Build.0 = Release|Any CPU
		{2BAF81BB-D95B-4053-A29C-9673DF0404BE}.Debug|Any CPU.ActiveCfg = Debug|Any CPU
		{2BAF81BB-D95B-4053-A29C-9673DF0404BE}.Debug|Any CPU.Build.0 = Debug|Any CPU
		{2BAF81BB-D95B-4053-A29C-9673DF0404BE}.Release|Any CPU.ActiveCfg = Release|Any CPU
		{2BAF81BB-D95B-4053-A29C-9673DF0404BE}.Release|Any CPU.Build.0 = Release|Any CPU
	EndGlobalSection
	GlobalSection(SolutionProperties) = preSolution
		HideSolutionNode = FALSE
	EndGlobalSection
	GlobalSection(ExtensibilityGlobals) = postSolution
		SolutionGuid = {78CC656F-1227-4B87-8ECF-E439AA06D890}
	EndGlobalSection
EndGlobal
